PODS:
  - Alamofire (4.9.1)
  - Kingfisher (5.12.0):
    - Kingfisher/Core (= 5.12.0)
  - Kingfisher/Core (5.12.0)
  - LUAutocompleteView (4.0.0)
  - Moya/Core (13.0.1):
    - Alamofire (~> 4.1)
    - Result (~> 4.1)
  - Moya/RxSwift (13.0.1):
    - Moya/Core
    - RxSwift (~> 4.0)
  - netfox (1.18.0)
  - NVActivityIndicatorView (4.8.0):
    - NVActivityIndicatorView/Presenter (= 4.8.0)
  - NVActivityIndicatorView/Presenter (4.8.0)
  - Result (4.1.0)
  - RxCocoa (4.5.0):
    - RxSwift (>= 4.4.2, ~> 4.4)
  - RxSwift (4.5.0)
  - SnapKit (5.0.1)
  - SwiftyJSON (5.0.0)

DEPENDENCIES:
  - Kingfisher
  - LUAutocompleteView
  - Moya/RxSwift
  - netfox
  - NVActivityIndicatorView
  - RxCocoa
  - RxSwift
  - SnapKit
  - SwiftyJSON

SPEC REPOS:
  trunk:
    - Alamofire
    - Kingfisher
    - LUAutocompleteView
    - Moya
    - netfox
    - NVActivityIndicatorView
    - Result
    - RxCocoa
    - RxSwift
    - SnapKit
    - SwiftyJSON

SPEC CHECKSUMS:
  Alamofire: 85e8a02c69d6020a0d734f6054870d7ecb75cf18
  Kingfisher: dc6e0f53bb5b12c3e75bedb0e01bbd7a640eea69
  LUAutocompleteView: 604edbbb358d77c8fff4b86137db76a38eb4beda
  Moya: f4a4b80ff2f8a4ffc208dfb31cd91636622fee6e
  netfox: 95b3583c28e4a3376cc5a647d48e8e26f5b16d58
  NVActivityIndicatorView: d24b7ebcf80af5dcd994adb650e2b6c93379270f
  Result: bd966fac789cc6c1563440b348ab2598cc24d5c7
  RxCocoa: cbf70265dc65a981d4ac982e513c10cf23df24a0
  RxSwift: f172070dfd1a93d70a9ab97a5a01166206e1c575
  SnapKit: 97b92857e3df3a0c71833cce143274bf6ef8e5eb
  SwiftyJSON: 36413e04c44ee145039d332b4f4e2d3e8d6c4db7

PODFILE CHECKSUM: afe95e39f18a2ab2b4b07ecbab4c5e3ada71e372

COCOAPODS: 1.8.4
