// !$*UTF8*$!
{
	archiveVersion = 1;
	classes = {
	};
	objectVersion = 50;
	objects = {

/* Begin PBXBuildFile section */
		204B537F23BE135900157C41 /* StubbedResponse.swift in Sources */ = {isa = PBXBuildFile; fileRef = 204B537E23BE135900157C41 /* StubbedResponse.swift */; };
		204B538323BE140D00157C41 /* SearchAdapter.swift in Sources */ = {isa = PBXBuildFile; fileRef = 204B538223BE140D00157C41 /* SearchAdapter.swift */; };
		204B538523BE14DB00157C41 /* SearchResult.swift in Sources */ = {isa = PBXBuildFile; fileRef = 204B538423BE14DB00157C41 /* SearchResult.swift */; };
		204B538723BE1D2400157C41 /* APIError.swift in Sources */ = {isa = PBXBuildFile; fileRef = 204B538623BE1D2400157C41 /* APIError.swift */; };
		204B538923BE1E0300157C41 /* BaseVM.swift in Sources */ = {isa = PBXBuildFile; fileRef = 204B538823BE1E0200157C41 /* BaseVM.swift */; };
		204B538D23BE261200157C41 /* searchResponse.json in Resources */ = {isa = PBXBuildFile; fileRef = 204B538C23BE261200157C41 /* searchResponse.json */; };
		204B538F23BE2BD500157C41 /* Movie.swift in Sources */ = {isa = PBXBuildFile; fileRef = 204B538E23BE2BD500157C41 /* Movie.swift */; };
		2081E16C23BD88B100E1232F /* SearchAPI.swift in Sources */ = {isa = PBXBuildFile; fileRef = 2081E16B23BD88B100E1232F /* SearchAPI.swift */; };
		208F459723BB288100DCE01E /* AppDelegate.swift in Sources */ = {isa = PBXBuildFile; fileRef = 208F459623BB288100DCE01E /* AppDelegate.swift */; };
		208F459B23BB288100DCE01E /* SearchVC.swift in Sources */ = {isa = PBXBuildFile; fileRef = 208F459A23BB288100DCE01E /* SearchVC.swift */; };
		208F459E23BB288100DCE01E /* Main.storyboard in Resources */ = {isa = PBXBuildFile; fileRef = 208F459C23BB288100DCE01E /* Main.storyboard */; };
		208F45A023BB288200DCE01E /* Assets.xcassets in Resources */ = {isa = PBXBuildFile; fileRef = 208F459F23BB288200DCE01E /* Assets.xcassets */; };
		208F45A323BB288200DCE01E /* LaunchScreen.storyboard in Resources */ = {isa = PBXBuildFile; fileRef = 208F45A123BB288200DCE01E /* LaunchScreen.storyboard */; };
		208F45AE23BB288200DCE01E /* moviesTests.swift in Sources */ = {isa = PBXBuildFile; fileRef = 208F45AD23BB288200DCE01E /* moviesTests.swift */; };
		20D3D1A823BB476200341C61 /* SearchVM.swift in Sources */ = {isa = PBXBuildFile; fileRef = 20D3D1A723BB476200341C61 /* SearchVM.swift */; };
		51D6000699CF191B0D9CE5E8 /* Pods_moviesTests.framework in Frameworks */ = {isa = PBXBuildFile; fileRef = DD0AD2E7B5AE4C78A7D1E50F /* Pods_moviesTests.framework */; };
		5830ACE40AB10E8B32A25F46 /* Pods_movies.framework in Frameworks */ = {isa = PBXBuildFile; fileRef = EEDCD79B67CFFF404BEBF416 /* Pods_movies.framework */; };
/* End PBXBuildFile section */

/* Begin PBXContainerItemProxy section */
		208F45AA23BB288200DCE01E /* PBXContainerItemProxy */ = {
			isa = PBXContainerItemProxy;
			containerPortal = 208F458B23BB288100DCE01E /* Project object */;
			proxyType = 1;
			remoteGlobalIDString = 208F459223BB288100DCE01E;
			remoteInfo = movies;
		};
/* End PBXContainerItemProxy section */

/* Begin PBXFileReference section */
		204B537E23BE135900157C41 /* StubbedResponse.swift */ = {isa = PBXFileReference; lastKnownFileType = sourcecode.swift; path = StubbedResponse.swift; sourceTree = "<group>"; };
		204B538223BE140D00157C41 /* SearchAdapter.swift */ = {isa = PBXFileReference; lastKnownFileType = sourcecode.swift; path = SearchAdapter.swift; sourceTree = "<group>"; };
		204B538423BE14DB00157C41 /* SearchResult.swift */ = {isa = PBXFileReference; lastKnownFileType = sourcecode.swift; path = SearchResult.swift; sourceTree = "<group>"; };
		204B538623BE1D2400157C41 /* APIError.swift */ = {isa = PBXFileReference; lastKnownFileType = sourcecode.swift; path = APIError.swift; sourceTree = "<group>"; };
		204B538823BE1E0200157C41 /* BaseVM.swift */ = {isa = PBXFileReference; lastKnownFileType = sourcecode.swift; path = BaseVM.swift; sourceTree = "<group>"; };
		204B538C23BE261200157C41 /* searchResponse.json */ = {isa = PBXFileReference; lastKnownFileType = text.json; path = searchResponse.json; sourceTree = "<group>"; };
		204B538E23BE2BD500157C41 /* Movie.swift */ = {isa = PBXFileReference; lastKnownFileType = sourcecode.swift; path = Movie.swift; sourceTree = "<group>"; };
		2081E16B23BD88B100E1232F /* SearchAPI.swift */ = {isa = PBXFileReference; lastKnownFileType = sourcecode.swift; path = SearchAPI.swift; sourceTree = "<group>"; };
		208F459323BB288100DCE01E /* movies.app */ = {isa = PBXFileReference; explicitFileType = wrapper.application; includeInIndex = 0; path = movies.app; sourceTree = BUILT_PRODUCTS_DIR; };
		208F459623BB288100DCE01E /* AppDelegate.swift */ = {isa = PBXFileReference; lastKnownFileType = sourcecode.swift; path = AppDelegate.swift; sourceTree = "<group>"; };
		208F459A23BB288100DCE01E /* SearchVC.swift */ = {isa = PBXFileReference; lastKnownFileType = sourcecode.swift; path = SearchVC.swift; sourceTree = "<group>"; };
		208F459D23BB288100DCE01E /* Base */ = {isa = PBXFileReference; lastKnownFileType = file.storyboard; name = Base; path = Base.lproj/Main.storyboard; sourceTree = "<group>"; };
		208F459F23BB288200DCE01E /* Assets.xcassets */ = {isa = PBXFileReference; lastKnownFileType = folder.assetcatalog; path = Assets.xcassets; sourceTree = "<group>"; };
		208F45A223BB288200DCE01E /* Base */ = {isa = PBXFileReference; lastKnownFileType = file.storyboard; name = Base; path = Base.lproj/LaunchScreen.storyboard; sourceTree = "<group>"; };
		208F45A423BB288200DCE01E /* Info.plist */ = {isa = PBXFileReference; lastKnownFileType = text.plist.xml; path = Info.plist; sourceTree = "<group>"; };
		208F45A923BB288200DCE01E /* moviesTests.xctest */ = {isa = PBXFileReference; explicitFileType = wrapper.cfbundle; includeInIndex = 0; path = moviesTests.xctest; sourceTree = BUILT_PRODUCTS_DIR; };
		208F45AD23BB288200DCE01E /* moviesTests.swift */ = {isa = PBXFileReference; lastKnownFileType = sourcecode.swift; path = moviesTests.swift; sourceTree = "<group>"; };
		208F45AF23BB288200DCE01E /* Info.plist */ = {isa = PBXFileReference; lastKnownFileType = text.plist.xml; path = Info.plist; sourceTree = "<group>"; };
		20D3D1A723BB476200341C61 /* SearchVM.swift */ = {isa = PBXFileReference; lastKnownFileType = sourcecode.swift; path = SearchVM.swift; sourceTree = "<group>"; };
		3C30EC611E85B37C402861AF /* Pods-moviesTests.release.xcconfig */ = {isa = PBXFileReference; includeInIndex = 1; lastKnownFileType = text.xcconfig; name = "Pods-moviesTests.release.xcconfig"; path = "Pods/Target Support Files/Pods-moviesTests/Pods-moviesTests.release.xcconfig"; sourceTree = "<group>"; };
		CCEC95E9208065F843A909D0 /* Pods-moviesTests.debug.xcconfig */ = {isa = PBXFileReference; includeInIndex = 1; lastKnownFileType = text.xcconfig; name = "Pods-moviesTests.debug.xcconfig"; path = "Pods/Target Support Files/Pods-moviesTests/Pods-moviesTests.debug.xcconfig"; sourceTree = "<group>"; };
		DD0AD2E7B5AE4C78A7D1E50F /* Pods_moviesTests.framework */ = {isa = PBXFileReference; explicitFileType = wrapper.framework; includeInIndex = 0; path = Pods_moviesTests.framework; sourceTree = BUILT_PRODUCTS_DIR; };
		ECD4F8F4DA98CF256D92B248 /* Pods-movies.debug.xcconfig */ = {isa = PBXFileReference; includeInIndex = 1; lastKnownFileType = text.xcconfig; name = "Pods-movies.debug.xcconfig"; path = "Pods/Target Support Files/Pods-movies/Pods-movies.debug.xcconfig"; sourceTree = "<group>"; };
		EDFEC5526511474BDCDC7020 /* Pods-movies.release.xcconfig */ = {isa = PBXFileReference; includeInIndex = 1; lastKnownFileType = text.xcconfig; name = "Pods-movies.release.xcconfig"; path = "Pods/Target Support Files/Pods-movies/Pods-movies.release.xcconfig"; sourceTree = "<group>"; };
		EEDCD79B67CFFF404BEBF416 /* Pods_movies.framework */ = {isa = PBXFileReference; explicitFileType = wrapper.framework; includeInIndex = 0; path = Pods_movies.framework; sourceTree = BUILT_PRODUCTS_DIR; };
/* End PBXFileReference section */

/* Begin PBXFrameworksBuildPhase section */
		208F459023BB288100DCE01E /* Frameworks */ = {
			isa = PBXFrameworksBuildPhase;
			buildActionMask = 2147483647;
			files = (
				5830ACE40AB10E8B32A25F46 /* Pods_movies.framework in Frameworks */,
			);
			runOnlyForDeploymentPostprocessing = 0;
		};
		208F45A623BB288200DCE01E /* Frameworks */ = {
			isa = PBXFrameworksBuildPhase;
			buildActionMask = 2147483647;
			files = (
				51D6000699CF191B0D9CE5E8 /* Pods_moviesTests.framework in Frameworks */,
			);
			runOnlyForDeploymentPostprocessing = 0;
		};
/* End PBXFrameworksBuildPhase section */

/* Begin PBXGroup section */
		204B538023BE13D500157C41 /* APIs */ = {
			isa = PBXGroup;
			children = (
				2081E16B23BD88B100E1232F /* SearchAPI.swift */,
			);
			path = APIs;
			sourceTree = "<group>";
		};
		204B538123BE13E500157C41 /* Adapters */ = {
			isa = PBXGroup;
			children = (
				204B538223BE140D00157C41 /* SearchAdapter.swift */,
			);
			path = Adapters;
			sourceTree = "<group>";
		};
		208F458A23BB288100DCE01E = {
			isa = PBXGroup;
			children = (
				208F459523BB288100DCE01E /* movies */,
				208F45AC23BB288200DCE01E /* moviesTests */,
				208F459423BB288100DCE01E /* Products */,
				4DAC72B09BCE481956BC1055 /* Pods */,
				3B96855A3B36CE86FCF3340E /* Frameworks */,
			);
			sourceTree = "<group>";
		};
		208F459423BB288100DCE01E /* Products */ = {
			isa = PBXGroup;
			children = (
				208F459323BB288100DCE01E /* movies.app */,
				208F45A923BB288200DCE01E /* moviesTests.xctest */,
			);
			name = Products;
			sourceTree = "<group>";
		};
		208F459523BB288100DCE01E /* movies */ = {
			isa = PBXGroup;
			children = (
				20D3D1AA23BB5E0700341C61 /* Networking */,
				20D3D1A923BB5CD400341C61 /* Models */,
				20D3D1A623BB474400341C61 /* ViewModels */,
				20DB58E523BB44D800894076 /* Views */,
				208F459623BB288100DCE01E /* AppDelegate.swift */,
				208F459C23BB288100DCE01E /* Main.storyboard */,
				208F459F23BB288200DCE01E /* Assets.xcassets */,
				208F45A123BB288200DCE01E /* LaunchScreen.storyboard */,
				208F45A423BB288200DCE01E /* Info.plist */,
			);
			path = movies;
			sourceTree = "<group>";
		};
		208F45AC23BB288200DCE01E /* moviesTests */ = {
			isa = PBXGroup;
			children = (
				208F45AD23BB288200DCE01E /* moviesTests.swift */,
				208F45AF23BB288200DCE01E /* Info.plist */,
			);
			path = moviesTests;
			sourceTree = "<group>";
		};
		20D3D1A623BB474400341C61 /* ViewModels */ = {
			isa = PBXGroup;
			children = (
				20D3D1A723BB476200341C61 /* SearchVM.swift */,
				204B538823BE1E0200157C41 /* BaseVM.swift */,
			);
			path = ViewModels;
			sourceTree = "<group>";
		};
		20D3D1A923BB5CD400341C61 /* Models */ = {
			isa = PBXGroup;
			children = (
				204B538E23BE2BD500157C41 /* Movie.swift */,
				204B538423BE14DB00157C41 /* SearchResult.swift */,
			);
			path = Models;
			sourceTree = "<group>";
		};
		20D3D1AA23BB5E0700341C61 /* Networking */ = {
			isa = PBXGroup;
			children = (
				204B538023BE13D500157C41 /* APIs */,
				204B538123BE13E500157C41 /* Adapters */,
				20D3D1AB23BB5F4000341C61 /* Stubs */,
				204B538623BE1D2400157C41 /* APIError.swift */,
			);
			path = Networking;
			sourceTree = "<group>";
		};
		20D3D1AB23BB5F4000341C61 /* Stubs */ = {
			isa = PBXGroup;
			children = (
				204B537E23BE135900157C41 /* StubbedResponse.swift */,
				204B538C23BE261200157C41 /* searchResponse.json */,
			);
			path = Stubs;
			sourceTree = "<group>";
		};
		20DB58E523BB44D800894076 /* Views */ = {
			isa = PBXGroup;
			children = (
				208F459A23BB288100DCE01E /* SearchVC.swift */,
			);
			path = Views;
			sourceTree = "<group>";
		};
		3B96855A3B36CE86FCF3340E /* Frameworks */ = {
			isa = PBXGroup;
			children = (
				EEDCD79B67CFFF404BEBF416 /* Pods_movies.framework */,
				DD0AD2E7B5AE4C78A7D1E50F /* Pods_moviesTests.framework */,
			);
			name = Frameworks;
			sourceTree = "<group>";
		};
		4DAC72B09BCE481956BC1055 /* Pods */ = {
			isa = PBXGroup;
			children = (
				ECD4F8F4DA98CF256D92B248 /* Pods-movies.debug.xcconfig */,
				EDFEC5526511474BDCDC7020 /* Pods-movies.release.xcconfig */,
				CCEC95E9208065F843A909D0 /* Pods-moviesTests.debug.xcconfig */,
				3C30EC611E85B37C402861AF /* Pods-moviesTests.release.xcconfig */,
			);
			name = Pods;
			sourceTree = "<group>";
		};
/* End PBXGroup section */

/* Begin PBXNativeTarget section */
		208F459223BB288100DCE01E /* movies */ = {
			isa = PBXNativeTarget;
			buildConfigurationList = 208F45B223BB288200DCE01E /* Build configuration list for PBXNativeTarget "movies" */;
			buildPhases = (
				D03C9994CB2A01894E064068 /* [CP] Check Pods Manifest.lock */,
				208F458F23BB288100DCE01E /* Sources */,
				208F459023BB288100DCE01E /* Frameworks */,
				208F459123BB288100DCE01E /* Resources */,
				0A5EF0BA8D619C04A1ADB91B /* [CP] Embed Pods Frameworks */,
			);
			buildRules = (
			);
			dependencies = (
			);
			name = movies;
			productName = movies;
			productReference = 208F459323BB288100DCE01E /* movies.app */;
			productType = "com.apple.product-type.application";
		};
		208F45A823BB288200DCE01E /* moviesTests */ = {
			isa = PBXNativeTarget;
			buildConfigurationList = 208F45B523BB288200DCE01E /* Build configuration list for PBXNativeTarget "moviesTests" */;
			buildPhases = (
				6214CA8D216A563108591EF6 /* [CP] Check Pods Manifest.lock */,
				208F45A523BB288200DCE01E /* Sources */,
				208F45A623BB288200DCE01E /* Frameworks */,
				208F45A723BB288200DCE01E /* Resources */,
			);
			buildRules = (
			);
			dependencies = (
				208F45AB23BB288200DCE01E /* PBXTargetDependency */,
			);
			name = moviesTests;
			productName = moviesTests;
			productReference = 208F45A923BB288200DCE01E /* moviesTests.xctest */;
			productType = "com.apple.product-type.bundle.unit-test";
		};
/* End PBXNativeTarget section */

/* Begin PBXProject section */
		208F458B23BB288100DCE01E /* Project object */ = {
			isa = PBXProject;
			attributes = {
				LastSwiftUpdateCheck = 1110;
				LastUpgradeCheck = 1110;
				ORGANIZATIONNAME = "Nathaniel Brion Sison";
				TargetAttributes = {
					208F459223BB288100DCE01E = {
						CreatedOnToolsVersion = 11.1;
					};
					208F45A823BB288200DCE01E = {
						CreatedOnToolsVersion = 11.1;
						TestTargetID = 208F459223BB288100DCE01E;
					};
				};
			};
			buildConfigurationList = 208F458E23BB288100DCE01E /* Build configuration list for PBXProject "movies" */;
			compatibilityVersion = "Xcode 9.3";
			developmentRegion = en;
			hasScannedForEncodings = 0;
			knownRegions = (
				en,
				Base,
			);
			mainGroup = 208F458A23BB288100DCE01E;
			productRefGroup = 208F459423BB288100DCE01E /* Products */;
			projectDirPath = "";
			projectRoot = "";
			targets = (
				208F459223BB288100DCE01E /* movies */,
				208F45A823BB288200DCE01E /* moviesTests */,
			);
		};
/* End PBXProject section */

/* Begin PBXResourcesBuildPhase section */
		208F459123BB288100DCE01E /* Resources */ = {
			isa = PBXResourcesBuildPhase;
			buildActionMask = 2147483647;
			files = (
				208F45A323BB288200DCE01E /* LaunchScreen.storyboard in Resources */,
				208F45A023BB288200DCE01E /* Assets.xcassets in Resources */,
				204B538D23BE261200157C41 /* searchResponse.json in Resources */,
				208F459E23BB288100DCE01E /* Main.storyboard in Resources */,
			);
			runOnlyForDeploymentPostprocessing = 0;
		};
		208F45A723BB288200DCE01E /* Resources */ = {
			isa = PBXResourcesBuildPhase;
			buildActionMask = 2147483647;
			files = (
			);
			runOnlyForDeploymentPostprocessing = 0;
		};
/* End PBXResourcesBuildPhase section */

/* Begin PBXShellScriptBuildPhase section */
		0A5EF0BA8D619C04A1ADB91B /* [CP] Embed Pods Frameworks */ = {
			isa = PBXShellScriptBuildPhase;
			buildActionMask = 2147483647;
			files = (
			);
			inputFileListPaths = (
			);
			inputPaths = (
				"${SRCROOT}/Pods/Target Support Files/Pods-movies/Pods-movies-frameworks.sh",
				"${BUILT_PRODUCTS_DIR}/Alamofire/Alamofire.framework",
				"${BUILT_PRODUCTS_DIR}/Kingfisher/Kingfisher.framework",
				"${BUILT_PRODUCTS_DIR}/Moya/Moya.framework",
				"${BUILT_PRODUCTS_DIR}/NVActivityIndicatorView/NVActivityIndicatorView.framework",
				"${BUILT_PRODUCTS_DIR}/Result/Result.framework",
				"${BUILT_PRODUCTS_DIR}/RxCocoa/RxCocoa.framework",
				"${BUILT_PRODUCTS_DIR}/RxSwift/RxSwift.framework",
				"${BUILT_PRODUCTS_DIR}/SnapKit/SnapKit.framework",
				"${BUILT_PRODUCTS_DIR}/SwiftyJSON/SwiftyJSON.framework",
				"${BUILT_PRODUCTS_DIR}/netfox/netfox.framework",
			);
			name = "[CP] Embed Pods Frameworks";
			outputFileListPaths = (
			);
			outputPaths = (
				"${TARGET_BUILD_DIR}/${FRAMEWORKS_FOLDER_PATH}/Alamofire.framework",
				"${TARGET_BUILD_DIR}/${FRAMEWORKS_FOLDER_PATH}/Kingfisher.framework",
				"${TARGET_BUILD_DIR}/${FRAMEWORKS_FOLDER_PATH}/Moya.framework",
				"${TARGET_BUILD_DIR}/${FRAMEWORKS_FOLDER_PATH}/NVActivityIndicatorView.framework",
				"${TARGET_BUILD_DIR}/${FRAMEWORKS_FOLDER_PATH}/Result.framework",
				"${TARGET_BUILD_DIR}/${FRAMEWORKS_FOLDER_PATH}/RxCocoa.framework",
				"${TARGET_BUILD_DIR}/${FRAMEWORKS_FOLDER_PATH}/RxSwift.framework",
				"${TARGET_BUILD_DIR}/${FRAMEWORKS_FOLDER_PATH}/SnapKit.framework",
				"${TARGET_BUILD_DIR}/${FRAMEWORKS_FOLDER_PATH}/SwiftyJSON.framework",
				"${TARGET_BUILD_DIR}/${FRAMEWORKS_FOLDER_PATH}/netfox.framework",
			);
			runOnlyForDeploymentPostprocessing = 0;
			shellPath = /bin/sh;
			shellScript = "\"${SRCROOT}/Pods/Target Support Files/Pods-movies/Pods-movies-frameworks.sh\"\n";
			showEnvVarsInLog = 0;
		};
		6214CA8D216A563108591EF6 /* [CP] Check Pods Manifest.lock */ = {
			isa = PBXShellScriptBuildPhase;
			buildActionMask = 2147483647;
			files = (
			);
			inputFileListPaths = (
			);
			inputPaths = (
				"${PODS_PODFILE_DIR_PATH}/Podfile.lock",
				"${PODS_ROOT}/Manifest.lock",
			);
			name = "[CP] Check Pods Manifest.lock";
			outputFileListPaths = (
			);
			outputPaths = (
				"$(DERIVED_FILE_DIR)/Pods-moviesTests-checkManifestLockResult.txt",
			);
			runOnlyForDeploymentPostprocessing = 0;
			shellPath = /bin/sh;
			shellScript = "diff \"${PODS_PODFILE_DIR_PATH}/Podfile.lock\" \"${PODS_ROOT}/Manifest.lock\" > /dev/null\nif [ $? != 0 ] ; then\n    # print error to STDERR\n    echo \"error: The sandbox is not in sync with the Podfile.lock. Run 'pod install' or update your CocoaPods installation.\" >&2\n    exit 1\nfi\n# This output is used by Xcode 'outputs' to avoid re-running this script phase.\necho \"SUCCESS\" > \"${SCRIPT_OUTPUT_FILE_0}\"\n";
			showEnvVarsInLog = 0;
		};
		D03C9994CB2A01894E064068 /* [CP] Check Pods Manifest.lock */ = {
			isa = PBXShellScriptBuildPhase;
			buildActionMask = 2147483647;
			files = (
			);
			inputFileListPaths = (
			);
			inputPaths = (
				"${PODS_PODFILE_DIR_PATH}/Podfile.lock",
				"${PODS_ROOT}/Manifest.lock",
			);
			name = "[CP] Check Pods Manifest.lock";
			outputFileListPaths = (
			);
			outputPaths = (
				"$(DERIVED_FILE_DIR)/Pods-movies-checkManifestLockResult.txt",
			);
			runOnlyForDeploymentPostprocessing = 0;
			shellPath = /bin/sh;
			shellScript = "diff \"${PODS_PODFILE_DIR_PATH}/Podfile.lock\" \"${PODS_ROOT}/Manifest.lock\" > /dev/null\nif [ $? != 0 ] ; then\n    # print error to STDERR\n    echo \"error: The sandbox is not in sync with the Podfile.lock. Run 'pod install' or update your CocoaPods installation.\" >&2\n    exit 1\nfi\n# This output is used by Xcode 'outputs' to avoid re-running this script phase.\necho \"SUCCESS\" > \"${SCRIPT_OUTPUT_FILE_0}\"\n";
			showEnvVarsInLog = 0;
		};
/* End PBXShellScriptBuildPhase section */

/* Begin PBXSourcesBuildPhase section */
		208F458F23BB288100DCE01E /* Sources */ = {
			isa = PBXSourcesBuildPhase;
			buildActionMask = 2147483647;
			files = (
				20D3D1A823BB476200341C61 /* SearchVM.swift in Sources */,
				204B538523BE14DB00157C41 /* SearchResult.swift in Sources */,
				208F459B23BB288100DCE01E /* SearchVC.swift in Sources */,
				2081E16C23BD88B100E1232F /* SearchAPI.swift in Sources */,
				204B538F23BE2BD500157C41 /* Movie.swift in Sources */,
				204B538923BE1E0300157C41 /* BaseVM.swift in Sources */,
				204B537F23BE135900157C41 /* StubbedResponse.swift in Sources */,
				204B538723BE1D2400157C41 /* APIError.swift in Sources */,
				208F459723BB288100DCE01E /* AppDelegate.swift in Sources */,
				204B538323BE140D00157C41 /* SearchAdapter.swift in Sources */,
			);
			runOnlyForDeploymentPostprocessing = 0;
		};
		208F45A523BB288200DCE01E /* Sources */ = {
			isa = PBXSourcesBuildPhase;
			buildActionMask = 2147483647;
			files = (
				208F45AE23BB288200DCE01E /* moviesTests.swift in Sources */,
			);
			runOnlyForDeploymentPostprocessing = 0;
		};
/* End PBXSourcesBuildPhase section */

/* Begin PBXTargetDependency section */
		208F45AB23BB288200DCE01E /* PBXTargetDependency */ = {
			isa = PBXTargetDependency;
			target = 208F459223BB288100DCE01E /* movies */;
			targetProxy = 208F45AA23BB288200DCE01E /* PBXContainerItemProxy */;
		};
/* End PBXTargetDependency section */

/* Begin PBXVariantGroup section */
		208F459C23BB288100DCE01E /* Main.storyboard */ = {
			isa = PBXVariantGroup;
			children = (
				208F459D23BB288100DCE01E /* Base */,
			);
			name = Main.storyboard;
			sourceTree = "<group>";
		};
		208F45A123BB288200DCE01E /* LaunchScreen.storyboard */ = {
			isa = PBXVariantGroup;
			children = (
				208F45A223BB288200DCE01E /* Base */,
			);
			name = LaunchScreen.storyboard;
			sourceTree = "<group>";
		};
/* End PBXVariantGroup section */

/* Begin XCBuildConfiguration section */
		208F45B023BB288200DCE01E /* Debug */ = {
			isa = XCBuildConfiguration;
			buildSettings = {
				ALWAYS_SEARCH_USER_PATHS = NO;
				CLANG_ANALYZER_NONNULL = YES;
				CLANG_ANALYZER_NUMBER_OBJECT_CONVERSION = YES_AGGRESSIVE;
				CLANG_CXX_LANGUAGE_STANDARD = "gnu++14";
				CLANG_CXX_LIBRARY = "libc++";
				CLANG_ENABLE_MODULES = YES;
				CLANG_ENABLE_OBJC_ARC = YES;
				CLANG_ENABLE_OBJC_WEAK = YES;
				CLANG_WARN_BLOCK_CAPTURE_AUTORELEASING = YES;
				CLANG_WARN_BOOL_CONVERSION = YES;
				CLANG_WARN_COMMA = YES;
				CLANG_WARN_CONSTANT_CONVERSION = YES;
				CLANG_WARN_DEPRECATED_OBJC_IMPLEMENTATIONS = YES;
				CLANG_WARN_DIRECT_OBJC_ISA_USAGE = YES_ERROR;
				CLANG_WARN_DOCUMENTATION_COMMENTS = YES;
				CLANG_WARN_EMPTY_BODY = YES;
				CLANG_WARN_ENUM_CONVERSION = YES;
				CLANG_WARN_INFINITE_RECURSION = YES;
				CLANG_WARN_INT_CONVERSION = YES;
				CLANG_WARN_NON_LITERAL_NULL_CONVERSION = YES;
				CLANG_WARN_OBJC_IMPLICIT_RETAIN_SELF = YES;
				CLANG_WARN_OBJC_LITERAL_CONVERSION = YES;
				CLANG_WARN_OBJC_ROOT_CLASS = YES_ERROR;
				CLANG_WARN_RANGE_LOOP_ANALYSIS = YES;
				CLANG_WARN_STRICT_PROTOTYPES = YES;
				CLANG_WARN_SUSPICIOUS_MOVE = YES;
				CLANG_WARN_UNGUARDED_AVAILABILITY = YES_AGGRESSIVE;
				CLANG_WARN_UNREACHABLE_CODE = YES;
				CLANG_WARN__DUPLICATE_METHOD_MATCH = YES;
				COPY_PHASE_STRIP = NO;
				DEBUG_INFORMATION_FORMAT = dwarf;
				ENABLE_STRICT_OBJC_MSGSEND = YES;
				ENABLE_TESTABILITY = YES;
				GCC_C_LANGUAGE_STANDARD = gnu11;
				GCC_DYNAMIC_NO_PIC = NO;
				GCC_NO_COMMON_BLOCKS = YES;
				GCC_OPTIMIZATION_LEVEL = 0;
				GCC_PREPROCESSOR_DEFINITIONS = (
					"DEBUG=1",
					"$(inherited)",
				);
				GCC_WARN_64_TO_32_BIT_CONVERSION = YES;
				GCC_WARN_ABOUT_RETURN_TYPE = YES_ERROR;
				GCC_WARN_UNDECLARED_SELECTOR = YES;
				GCC_WARN_UNINITIALIZED_AUTOS = YES_AGGRESSIVE;
				GCC_WARN_UNUSED_FUNCTION = YES;
				GCC_WARN_UNUSED_VARIABLE = YES;
				IPHONEOS_DEPLOYMENT_TARGET = 11.0;
				MTL_ENABLE_DEBUG_INFO = INCLUDE_SOURCE;
				MTL_FAST_MATH = YES;
				ONLY_ACTIVE_ARCH = YES;
				SDKROOT = iphoneos;
				SWIFT_ACTIVE_COMPILATION_CONDITIONS = DEBUG;
				SWIFT_OPTIMIZATION_LEVEL = "-Onone";
			};
			name = Debug;
		};
		208F45B123BB288200DCE01E /* Release */ = {
			isa = XCBuildConfiguration;
			buildSettings = {
				ALWAYS_SEARCH_USER_PATHS = NO;
				CLANG_ANALYZER_NONNULL = YES;
				CLANG_ANALYZER_NUMBER_OBJECT_CONVERSION = YES_AGGRESSIVE;
				CLANG_CXX_LANGUAGE_STANDARD = "gnu++14";
				CLANG_CXX_LIBRARY = "libc++";
				CLANG_ENABLE_MODULES = YES;
				CLANG_ENABLE_OBJC_ARC = YES;
				CLANG_ENABLE_OBJC_WEAK = YES;
				CLANG_WARN_BLOCK_CAPTURE_AUTORELEASING = YES;
				CLANG_WARN_BOOL_CONVERSION = YES;
				CLANG_WARN_COMMA = YES;
				CLANG_WARN_CONSTANT_CONVERSION = YES;
				CLANG_WARN_DEPRECATED_OBJC_IMPLEMENTATIONS = YES;
				CLANG_WARN_DIRECT_OBJC_ISA_USAGE = YES_ERROR;
				CLANG_WARN_DOCUMENTATION_COMMENTS = YES;
				CLANG_WARN_EMPTY_BODY = YES;
				CLANG_WARN_ENUM_CONVERSION = YES;
				CLANG_WARN_INFINITE_RECURSION = YES;
				CLANG_WARN_INT_CONVERSION = YES;
				CLANG_WARN_NON_LITERAL_NULL_CONVERSION = YES;
				CLANG_WARN_OBJC_IMPLICIT_RETAIN_SELF = YES;
				CLANG_WARN_OBJC_LITERAL_CONVERSION = YES;
				CLANG_WARN_OBJC_ROOT_CLASS = YES_ERROR;
				CLANG_WARN_RANGE_LOOP_ANALYSIS = YES;
				CLANG_WARN_STRICT_PROTOTYPES = YES;
				CLANG_WARN_SUSPICIOUS_MOVE = YES;
				CLANG_WARN_UNGUARDED_AVAILABILITY = YES_AGGRESSIVE;
				CLANG_WARN_UNREACHABLE_CODE = YES;
				CLANG_WARN__DUPLICATE_METHOD_MATCH = YES;
				COPY_PHASE_STRIP = NO;
				DEBUG_INFORMATION_FORMAT = "dwarf-with-dsym";
				ENABLE_NS_ASSERTIONS = NO;
				ENABLE_STRICT_OBJC_MSGSEND = YES;
				GCC_C_LANGUAGE_STANDARD = gnu11;
				GCC_NO_COMMON_BLOCKS = YES;
				GCC_WARN_64_TO_32_BIT_CONVERSION = YES;
				GCC_WARN_ABOUT_RETURN_TYPE = YES_ERROR;
				GCC_WARN_UNDECLARED_SELECTOR = YES;
				GCC_WARN_UNINITIALIZED_AUTOS = YES_AGGRESSIVE;
				GCC_WARN_UNUSED_FUNCTION = YES;
				GCC_WARN_UNUSED_VARIABLE = YES;
				IPHONEOS_DEPLOYMENT_TARGET = 11.0;
				MTL_ENABLE_DEBUG_INFO = NO;
				MTL_FAST_MATH = YES;
				SDKROOT = iphoneos;
				SWIFT_COMPILATION_MODE = wholemodule;
				SWIFT_OPTIMIZATION_LEVEL = "-O";
				VALIDATE_PRODUCT = YES;
			};
			name = Release;
		};
		208F45B323BB288200DCE01E /* Debug */ = {
			isa = XCBuildConfiguration;
			baseConfigurationReference = ECD4F8F4DA98CF256D92B248 /* Pods-movies.debug.xcconfig */;
			buildSettings = {
				ASSETCATALOG_COMPILER_APPICON_NAME = AppIcon;
				CODE_SIGN_STYLE = Automatic;
				DEVELOPMENT_TEAM = KMTXVH4GTQ;
				INFOPLIST_FILE = movies/Info.plist;
				IPHONEOS_DEPLOYMENT_TARGET = 11.0;
				LD_RUNPATH_SEARCH_PATHS = (
					"$(inherited)",
					"@executable_path/Frameworks",
				);
				PRODUCT_BUNDLE_IDENTIFIER = com.ngsison.movies;
				PRODUCT_NAME = "$(TARGET_NAME)";
				SWIFT_VERSION = 5.0;
				TARGETED_DEVICE_FAMILY = 1;
			};
			name = Debug;
		};
		208F45B423BB288200DCE01E /* Release */ = {
			isa = XCBuildConfiguration;
			baseConfigurationReference = EDFEC5526511474BDCDC7020 /* Pods-movies.release.xcconfig */;
			buildSettings = {
				ASSETCATALOG_COMPILER_APPICON_NAME = AppIcon;
				CODE_SIGN_STYLE = Automatic;
				DEVELOPMENT_TEAM = KMTXVH4GTQ;
				INFOPLIST_FILE = movies/Info.plist;
				IPHONEOS_DEPLOYMENT_TARGET = 11.0;
				LD_RUNPATH_SEARCH_PATHS = (
					"$(inherited)",
					"@executable_path/Frameworks",
				);
				PRODUCT_BUNDLE_IDENTIFIER = com.ngsison.movies;
				PRODUCT_NAME = "$(TARGET_NAME)";
				SWIFT_VERSION = 5.0;
				TARGETED_DEVICE_FAMILY = 1;
			};
			name = Release;
		};
		208F45B623BB288200DCE01E /* Debug */ = {
			isa = XCBuildConfiguration;
			baseConfigurationReference = CCEC95E9208065F843A909D0 /* Pods-moviesTests.debug.xcconfig */;
			buildSettings = {
				ALWAYS_EMBED_SWIFT_STANDARD_LIBRARIES = YES;
				BUNDLE_LOADER = "$(TEST_HOST)";
				CODE_SIGN_STYLE = Automatic;
				DEVELOPMENT_TEAM = KMTXVH4GTQ;
				INFOPLIST_FILE = moviesTests/Info.plist;
				IPHONEOS_DEPLOYMENT_TARGET = 13.1;
				LD_RUNPATH_SEARCH_PATHS = (
					"$(inherited)",
					"@executable_path/Frameworks",
					"@loader_path/Frameworks",
				);
				PRODUCT_BUNDLE_IDENTIFIER = com.ngsison.moviesTests;
				PRODUCT_NAME = "$(TARGET_NAME)";
				SWIFT_VERSION = 5.0;
				TARGETED_DEVICE_FAMILY = "1,2";
				TEST_HOST = "$(BUILT_PRODUCTS_DIR)/movies.app/movies";
			};
			name = Debug;
		};
		208F45B723BB288200DCE01E /* Release */ = {
			isa = XCBuildConfiguration;
			baseConfigurationReference = 3C30EC611E85B37C402861AF /* Pods-moviesTests.release.xcconfig */;
			buildSettings = {
				ALWAYS_EMBED_SWIFT_STANDARD_LIBRARIES = YES;
				BUNDLE_LOADER = "$(TEST_HOST)";
				CODE_SIGN_STYLE = Automatic;
				DEVELOPMENT_TEAM = KMTXVH4GTQ;
				INFOPLIST_FILE = moviesTests/Info.plist;
				IPHONEOS_DEPLOYMENT_TARGET = 13.1;
				LD_RUNPATH_SEARCH_PATHS = (
					"$(inherited)",
					"@executable_path/Frameworks",
					"@loader_path/Frameworks",
				);
				PRODUCT_BUNDLE_IDENTIFIER = com.ngsison.moviesTests;
				PRODUCT_NAME = "$(TARGET_NAME)";
				SWIFT_VERSION = 5.0;
				TARGETED_DEVICE_FAMILY = "1,2";
				TEST_HOST = "$(BUILT_PRODUCTS_DIR)/movies.app/movies";
			};
			name = Release;
		};
/* End XCBuildConfiguration section */

/* Begin XCConfigurationList section */
		208F458E23BB288100DCE01E /* Build configuration list for PBXProject "movies" */ = {
			isa = XCConfigurationList;
			buildConfigurations = (
				208F45B023BB288200DCE01E /* Debug */,
				208F45B123BB288200DCE01E /* Release */,
			);
			defaultConfigurationIsVisible = 0;
			defaultConfigurationName = Release;
		};
		208F45B223BB288200DCE01E /* Build configuration list for PBXNativeTarget "movies" */ = {
			isa = XCConfigurationList;
			buildConfigurations = (
				208F45B323BB288200DCE01E /* Debug */,
				208F45B423BB288200DCE01E /* Release */,
			);
			defaultConfigurationIsVisible = 0;
			defaultConfigurationName = Release;
		};
		208F45B523BB288200DCE01E /* Build configuration list for PBXNativeTarget "moviesTests" */ = {
			isa = XCConfigurationList;
			buildConfigurations = (
				208F45B623BB288200DCE01E /* Debug */,
				208F45B723BB288200DCE01E /* Release */,
			);
			defaultConfigurationIsVisible = 0;
			defaultConfigurationName = Release;
		};
/* End XCConfigurationList section */
	};
	rootObject = 208F458B23BB288100DCE01E /* Project object */;
}
