// !$*UTF8*$!
{
	archiveVersion = 1;
	classes = {
	};
	objectVersion = 50;
	objects = {

/* Begin PBXBuildFile section */
		208F459723BB288100DCE01E /* AppDelegate.swift in Sources */ = {isa = PBXBuildFile; fileRef = 208F459623BB288100DCE01E /* AppDelegate.swift */; };
		208F459923BB288100DCE01E /* SceneDelegate.swift in Sources */ = {isa = PBXBuildFile; fileRef = 208F459823BB288100DCE01E /* SceneDelegate.swift */; };
		208F459B23BB288100DCE01E /* ViewController.swift in Sources */ = {isa = PBXBuildFile; fileRef = 208F459A23BB288100DCE01E /* ViewController.swift */; };
		208F459E23BB288100DCE01E /* Main.storyboard in Resources */ = {isa = PBXBuildFile; fileRef = 208F459C23BB288100DCE01E /* Main.storyboard */; };
		208F45A023BB288200DCE01E /* Assets.xcassets in Resources */ = {isa = PBXBuildFile; fileRef = 208F459F23BB288200DCE01E /* Assets.xcassets */; };
		208F45A323BB288200DCE01E /* LaunchScreen.storyboard in Resources */ = {isa = PBXBuildFile; fileRef = 208F45A123BB288200DCE01E /* LaunchScreen.storyboard */; };
		208F45AE23BB288200DCE01E /* moviesTests.swift in Sources */ = {isa = PBXBuildFile; fileRef = 208F45AD23BB288200DCE01E /* moviesTests.swift */; };
/* End PBXBuildFile section */

/* Begin PBXContainerItemProxy section */
		208F45AA23BB288200DCE01E /* PBXContainerItemProxy */ = {
			isa = PBXContainerItemProxy;
			containerPortal = 208F458B23BB288100DCE01E /* Project object */;
			proxyType = 1;
			remoteGlobalIDString = 208F459223BB288100DCE01E;
			remoteInfo = movies;
		};
/* End PBXContainerItemProxy section */

/* Begin PBXFileReference section */
		208F459323BB288100DCE01E /* movies.app */ = {isa = PBXFileReference; explicitFileType = wrapper.application; includeInIndex = 0; path = movies.app; sourceTree = BUILT_PRODUCTS_DIR; };
		208F459623BB288100DCE01E /* AppDelegate.swift */ = {isa = PBXFileReference; lastKnownFileType = sourcecode.swift; path = AppDelegate.swift; sourceTree = "<group>"; };
		208F459823BB288100DCE01E /* SceneDelegate.swift */ = {isa = PBXFileReference; lastKnownFileType = sourcecode.swift; path = SceneDelegate.swift; sourceTree = "<group>"; };
		208F459A23BB288100DCE01E /* ViewController.swift */ = {isa = PBXFileReference; lastKnownFileType = sourcecode.swift; path = ViewController.swift; sourceTree = "<group>"; };
		208F459D23BB288100DCE01E /* Base */ = {isa = PBXFileReference; lastKnownFileType = file.storyboard; name = Base; path = Base.lproj/Main.storyboard; sourceTree = "<group>"; };
		208F459F23BB288200DCE01E /* Assets.xcassets */ = {isa = PBXFileReference; lastKnownFileType = folder.assetcatalog; path = Assets.xcassets; sourceTree = "<group>"; };
		208F45A223BB288200DCE01E /* Base */ = {isa = PBXFileReference; lastKnownFileType = file.storyboard; name = Base; path = Base.lproj/LaunchScreen.storyboard; sourceTree = "<group>"; };
		208F45A423BB288200DCE01E /* Info.plist */ = {isa = PBXFileReference; lastKnownFileType = text.plist.xml; path = Info.plist; sourceTree = "<group>"; };
		208F45A923BB288200DCE01E /* moviesTests.xctest */ = {isa = PBXFileReference; explicitFileType = wrapper.cfbundle; includeInIndex = 0; path = moviesTests.xctest; sourceTree = BUILT_PRODUCTS_DIR; };
		208F45AD23BB288200DCE01E /* moviesTests.swift */ = {isa = PBXFileReference; lastKnownFileType = sourcecode.swift; path = moviesTests.swift; sourceTree = "<group>"; };
		208F45AF23BB288200DCE01E /* Info.plist */ = {isa = PBXFileReference; lastKnownFileType = text.plist.xml; path = Info.plist; sourceTree = "<group>"; };
/* End PBXFileReference section */

/* Begin PBXFrameworksBuildPhase section */
		208F459023BB288100DCE01E /* Frameworks */ = {
			isa = PBXFrameworksBuildPhase;
			buildActionMask = 2147483647;
			files = (
			);
			runOnlyForDeploymentPostprocessing = 0;
		};
		208F45A623BB288200DCE01E /* Frameworks */ = {
			isa = PBXFrameworksBuildPhase;
			buildActionMask = 2147483647;
			files = (
			);
			runOnlyForDeploymentPostprocessing = 0;
		};
/* End PBXFrameworksBuildPhase section */

/* Begin PBXGroup section */
		208F458A23BB288100DCE01E = {
			isa = PBXGroup;
			children = (
				208F459523BB288100DCE01E /* movies */,
				208F45AC23BB288200DCE01E /* moviesTests */,
				208F459423BB288100DCE01E /* Products */,
			);
			sourceTree = "<group>";
		};
		208F459423BB288100DCE01E /* Products */ = {
			isa = PBXGroup;
			children = (
				208F459323BB288100DCE01E /* movies.app */,
				208F45A923BB288200DCE01E /* moviesTests.xctest */,
			);
			name = Products;
			sourceTree = "<group>";
		};
		208F459523BB288100DCE01E /* movies */ = {
			isa = PBXGroup;
			children = (
				208F459623BB288100DCE01E /* AppDelegate.swift */,
				208F459823BB288100DCE01E /* SceneDelegate.swift */,
				208F459A23BB288100DCE01E /* ViewController.swift */,
				208F459C23BB288100DCE01E /* Main.storyboard */,
				208F459F23BB288200DCE01E /* Assets.xcassets */,
				208F45A123BB288200DCE01E /* LaunchScreen.storyboard */,
				208F45A423BB288200DCE01E /* Info.plist */,
			);
			path = movies;
			sourceTree = "<group>";
		};
		208F45AC23BB288200DCE01E /* moviesTests */ = {
			isa = PBXGroup;
			children = (
				208F45AD23BB288200DCE01E /* moviesTests.swift */,
				208F45AF23BB288200DCE01E /* Info.plist */,
			);
			path = moviesTests;
			sourceTree = "<group>";
		};
/* End PBXGroup section */

/* Begin PBXNativeTarget section */
		208F459223BB288100DCE01E /* movies */ = {
			isa = PBXNativeTarget;
			buildConfigurationList = 208F45B223BB288200DCE01E /* Build configuration list for PBXNativeTarget "movies" */;
			buildPhases = (
				208F458F23BB288100DCE01E /* Sources */,
				208F459023BB288100DCE01E /* Frameworks */,
				208F459123BB288100DCE01E /* Resources */,
			);
			buildRules = (
			);
			dependencies = (
			);
			name = movies;
			productName = movies;
			productReference = 208F459323BB288100DCE01E /* movies.app */;
			productType = "com.apple.product-type.application";
		};
		208F45A823BB288200DCE01E /* moviesTests */ = {
			isa = PBXNativeTarget;
			buildConfigurationList = 208F45B523BB288200DCE01E /* Build configuration list for PBXNativeTarget "moviesTests" */;
			buildPhases = (
				208F45A523BB288200DCE01E /* Sources */,
				208F45A623BB288200DCE01E /* Frameworks */,
				208F45A723BB288200DCE01E /* Resources */,
			);
			buildRules = (
			);
			dependencies = (
				208F45AB23BB288200DCE01E /* PBXTargetDependency */,
			);
			name = moviesTests;
			productName = moviesTests;
			productReference = 208F45A923BB288200DCE01E /* moviesTests.xctest */;
			productType = "com.apple.product-type.bundle.unit-test";
		};
/* End PBXNativeTarget section */

/* Begin PBXProject section */
		208F458B23BB288100DCE01E /* Project object */ = {
			isa = PBXProject;
			attributes = {
				LastSwiftUpdateCheck = 1110;
				LastUpgradeCheck = 1110;
				ORGANIZATIONNAME = "Nathaniel Brion Sison";
				TargetAttributes = {
					208F459223BB288100DCE01E = {
						CreatedOnToolsVersion = 11.1;
					};
					208F45A823BB288200DCE01E = {
						CreatedOnToolsVersion = 11.1;
						TestTargetID = 208F459223BB288100DCE01E;
					};
				};
			};
			buildConfigurationList = 208F458E23BB288100DCE01E /* Build configuration list for PBXProject "movies" */;
			compatibilityVersion = "Xcode 9.3";
			developmentRegion = en;
			hasScannedForEncodings = 0;
			knownRegions = (
				en,
				Base,
			);
			mainGroup = 208F458A23BB288100DCE01E;
			productRefGroup = 208F459423BB288100DCE01E /* Products */;
			projectDirPath = "";
			projectRoot = "";
			targets = (
				208F459223BB288100DCE01E /* movies */,
				208F45A823BB288200DCE01E /* moviesTests */,
			);
		};
/* End PBXProject section */

/* Begin PBXResourcesBuildPhase section */
		208F459123BB288100DCE01E /* Resources */ = {
			isa = PBXResourcesBuildPhase;
			buildActionMask = 2147483647;
			files = (
				208F45A323BB288200DCE01E /* LaunchScreen.storyboard in Resources */,
				208F45A023BB288200DCE01E /* Assets.xcassets in Resources */,
				208F459E23BB288100DCE01E /* Main.storyboard in Resources */,
			);
			runOnlyForDeploymentPostprocessing = 0;
		};
		208F45A723BB288200DCE01E /* Resources */ = {
			isa = PBXResourcesBuildPhase;
			buildActionMask = 2147483647;
			files = (
			);
			runOnlyForDeploymentPostprocessing = 0;
		};
/* End PBXResourcesBuildPhase section */

/* Begin PBXSourcesBuildPhase section */
		208F458F23BB288100DCE01E /* Sources */ = {
			isa = PBXSourcesBuildPhase;
			buildActionMask = 2147483647;
			files = (
				208F459B23BB288100DCE01E /* ViewController.swift in Sources */,
				208F459723BB288100DCE01E /* AppDelegate.swift in Sources */,
				208F459923BB288100DCE01E /* SceneDelegate.swift in Sources */,
			);
			runOnlyForDeploymentPostprocessing = 0;
		};
		208F45A523BB288200DCE01E /* Sources */ = {
			isa = PBXSourcesBuildPhase;
			buildActionMask = 2147483647;
			files = (
				208F45AE23BB288200DCE01E /* moviesTests.swift in Sources */,
			);
			runOnlyForDeploymentPostprocessing = 0;
		};
/* End PBXSourcesBuildPhase section */

/* Begin PBXTargetDependency section */
		208F45AB23BB288200DCE01E /* PBXTargetDependency */ = {
			isa = PBXTargetDependency;
			target = 208F459223BB288100DCE01E /* movies */;
			targetProxy = 208F45AA23BB288200DCE01E /* PBXContainerItemProxy */;
		};
/* End PBXTargetDependency section */

/* Begin PBXVariantGroup section */
		208F459C23BB288100DCE01E /* Main.storyboard */ = {
			isa = PBXVariantGroup;
			children = (
				208F459D23BB288100DCE01E /* Base */,
			);
			name = Main.storyboard;
			sourceTree = "<group>";
		};
		208F45A123BB288200DCE01E /* LaunchScreen.storyboard */ = {
			isa = PBXVariantGroup;
			children = (
				208F45A223BB288200DCE01E /* Base */,
			);
			name = LaunchScreen.storyboard;
			sourceTree = "<group>";
		};
/* End PBXVariantGroup section */

/* Begin XCBuildConfiguration section */
		208F45B023BB288200DCE01E /* Debug */ = {
			isa = XCBuildConfiguration;
			buildSettings = {
				ALWAYS_SEARCH_USER_PATHS = NO;
				CLANG_ANALYZER_NONNULL = YES;
				CLANG_ANALYZER_NUMBER_OBJECT_CONVERSION = YES_AGGRESSIVE;
				CLANG_CXX_LANGUAGE_STANDARD = "gnu++14";
				CLANG_CXX_LIBRARY = "libc++";
				CLANG_ENABLE_MODULES = YES;
				CLANG_ENABLE_OBJC_ARC = YES;
				CLANG_ENABLE_OBJC_WEAK = YES;
				CLANG_WARN_BLOCK_CAPTURE_AUTORELEASING = YES;
				CLANG_WARN_BOOL_CONVERSION = YES;
				CLANG_WARN_COMMA = YES;
				CLANG_WARN_CONSTANT_CONVERSION = YES;
				CLANG_WARN_DEPRECATED_OBJC_IMPLEMENTATIONS = YES;
				CLANG_WARN_DIRECT_OBJC_ISA_USAGE = YES_ERROR;
				CLANG_WARN_DOCUMENTATION_COMMENTS = YES;
				CLANG_WARN_EMPTY_BODY = YES;
				CLANG_WARN_ENUM_CONVERSION = YES;
				CLANG_WARN_INFINITE_RECURSION = YES;
				CLANG_WARN_INT_CONVERSION = YES;
				CLANG_WARN_NON_LITERAL_NULL_CONVERSION = YES;
				CLANG_WARN_OBJC_IMPLICIT_RETAIN_SELF = YES;
				CLANG_WARN_OBJC_LITERAL_CONVERSION = YES;
				CLANG_WARN_OBJC_ROOT_CLASS = YES_ERROR;
				CLANG_WARN_RANGE_LOOP_ANALYSIS = YES;
				CLANG_WARN_STRICT_PROTOTYPES = YES;
				CLANG_WARN_SUSPICIOUS_MOVE = YES;
				CLANG_WARN_UNGUARDED_AVAILABILITY = YES_AGGRESSIVE;
				CLANG_WARN_UNREACHABLE_CODE = YES;
				CLANG_WARN__DUPLICATE_METHOD_MATCH = YES;
				COPY_PHASE_STRIP = NO;
				DEBUG_INFORMATION_FORMAT = dwarf;
				ENABLE_STRICT_OBJC_MSGSEND = YES;
				ENABLE_TESTABILITY = YES;
				GCC_C_LANGUAGE_STANDARD = gnu11;
				GCC_DYNAMIC_NO_PIC = NO;
				GCC_NO_COMMON_BLOCKS = YES;
				GCC_OPTIMIZATION_LEVEL = 0;
				GCC_PREPROCESSOR_DEFINITIONS = (
					"DEBUG=1",
					"$(inherited)",
				);
				GCC_WARN_64_TO_32_BIT_CONVERSION = YES;
				GCC_WARN_ABOUT_RETURN_TYPE = YES_ERROR;
				GCC_WARN_UNDECLARED_SELECTOR = YES;
				GCC_WARN_UNINITIALIZED_AUTOS = YES_AGGRESSIVE;
				GCC_WARN_UNUSED_FUNCTION = YES;
				GCC_WARN_UNUSED_VARIABLE = YES;
				IPHONEOS_DEPLOYMENT_TARGET = 13.1;
				MTL_ENABLE_DEBUG_INFO = INCLUDE_SOURCE;
				MTL_FAST_MATH = YES;
				ONLY_ACTIVE_ARCH = YES;
				SDKROOT = iphoneos;
				SWIFT_ACTIVE_COMPILATION_CONDITIONS = DEBUG;
				SWIFT_OPTIMIZATION_LEVEL = "-Onone";
			};
			name = Debug;
		};
		208F45B123BB288200DCE01E /* Release */ = {
			isa = XCBuildConfiguration;
			buildSettings = {
				ALWAYS_SEARCH_USER_PATHS = NO;
				CLANG_ANALYZER_NONNULL = YES;
				CLANG_ANALYZER_NUMBER_OBJECT_CONVERSION = YES_AGGRESSIVE;
				CLANG_CXX_LANGUAGE_STANDARD = "gnu++14";
				CLANG_CXX_LIBRARY = "libc++";
				CLANG_ENABLE_MODULES = YES;
				CLANG_ENABLE_OBJC_ARC = YES;
				CLANG_ENABLE_OBJC_WEAK = YES;
				CLANG_WARN_BLOCK_CAPTURE_AUTORELEASING = YES;
				CLANG_WARN_BOOL_CONVERSION = YES;
				CLANG_WARN_COMMA = YES;
				CLANG_WARN_CONSTANT_CONVERSION = YES;
				CLANG_WARN_DEPRECATED_OBJC_IMPLEMENTATIONS = YES;
				CLANG_WARN_DIRECT_OBJC_ISA_USAGE = YES_ERROR;
				CLANG_WARN_DOCUMENTATION_COMMENTS = YES;
				CLANG_WARN_EMPTY_BODY = YES;
				CLANG_WARN_ENUM_CONVERSION = YES;
				CLANG_WARN_INFINITE_RECURSION = YES;
				CLANG_WARN_INT_CONVERSION = YES;
				CLANG_WARN_NON_LITERAL_NULL_CONVERSION = YES;
				CLANG_WARN_OBJC_IMPLICIT_RETAIN_SELF = YES;
				CLANG_WARN_OBJC_LITERAL_CONVERSION = YES;
				CLANG_WARN_OBJC_ROOT_CLASS = YES_ERROR;
				CLANG_WARN_RANGE_LOOP_ANALYSIS = YES;
				CLANG_WARN_STRICT_PROTOTYPES = YES;
				CLANG_WARN_SUSPICIOUS_MOVE = YES;
				CLANG_WARN_UNGUARDED_AVAILABILITY = YES_AGGRESSIVE;
				CLANG_WARN_UNREACHABLE_CODE = YES;
				CLANG_WARN__DUPLICATE_METHOD_MATCH = YES;
				COPY_PHASE_STRIP = NO;
				DEBUG_INFORMATION_FORMAT = "dwarf-with-dsym";
				ENABLE_NS_ASSERTIONS = NO;
				ENABLE_STRICT_OBJC_MSGSEND = YES;
				GCC_C_LANGUAGE_STANDARD = gnu11;
				GCC_NO_COMMON_BLOCKS = YES;
				GCC_WARN_64_TO_32_BIT_CONVERSION = YES;
				GCC_WARN_ABOUT_RETURN_TYPE = YES_ERROR;
				GCC_WARN_UNDECLARED_SELECTOR = YES;
				GCC_WARN_UNINITIALIZED_AUTOS = YES_AGGRESSIVE;
				GCC_WARN_UNUSED_FUNCTION = YES;
				GCC_WARN_UNUSED_VARIABLE = YES;
				IPHONEOS_DEPLOYMENT_TARGET = 13.1;
				MTL_ENABLE_DEBUG_INFO = NO;
				MTL_FAST_MATH = YES;
				SDKROOT = iphoneos;
				SWIFT_COMPILATION_MODE = wholemodule;
				SWIFT_OPTIMIZATION_LEVEL = "-O";
				VALIDATE_PRODUCT = YES;
			};
			name = Release;
		};
		208F45B323BB288200DCE01E /* Debug */ = {
			isa = XCBuildConfiguration;
			buildSettings = {
				ASSETCATALOG_COMPILER_APPICON_NAME = AppIcon;
				CODE_SIGN_STYLE = Automatic;
				DEVELOPMENT_TEAM = KMTXVH4GTQ;
				INFOPLIST_FILE = movies/Info.plist;
				LD_RUNPATH_SEARCH_PATHS = (
					"$(inherited)",
					"@executable_path/Frameworks",
				);
				PRODUCT_BUNDLE_IDENTIFIER = com.ngsison.movies;
				PRODUCT_NAME = "$(TARGET_NAME)";
				SWIFT_VERSION = 5.0;
				TARGETED_DEVICE_FAMILY = "1,2";
			};
			name = Debug;
		};
		208F45B423BB288200DCE01E /* Release */ = {
			isa = XCBuildConfiguration;
			buildSettings = {
				ASSETCATALOG_COMPILER_APPICON_NAME = AppIcon;
				CODE_SIGN_STYLE = Automatic;
				DEVELOPMENT_TEAM = KMTXVH4GTQ;
				INFOPLIST_FILE = movies/Info.plist;
				LD_RUNPATH_SEARCH_PATHS = (
					"$(inherited)",
					"@executable_path/Frameworks",
				);
				PRODUCT_BUNDLE_IDENTIFIER = com.ngsison.movies;
				PRODUCT_NAME = "$(TARGET_NAME)";
				SWIFT_VERSION = 5.0;
				TARGETED_DEVICE_FAMILY = "1,2";
			};
			name = Release;
		};
		208F45B623BB288200DCE01E /* Debug */ = {
			isa = XCBuildConfiguration;
			buildSettings = {
				ALWAYS_EMBED_SWIFT_STANDARD_LIBRARIES = YES;
				BUNDLE_LOADER = "$(TEST_HOST)";
				CODE_SIGN_STYLE = Automatic;
				DEVELOPMENT_TEAM = KMTXVH4GTQ;
				INFOPLIST_FILE = moviesTests/Info.plist;
				IPHONEOS_DEPLOYMENT_TARGET = 13.1;
				LD_RUNPATH_SEARCH_PATHS = (
					"$(inherited)",
					"@executable_path/Frameworks",
					"@loader_path/Frameworks",
				);
				PRODUCT_BUNDLE_IDENTIFIER = com.ngsison.moviesTests;
				PRODUCT_NAME = "$(TARGET_NAME)";
				SWIFT_VERSION = 5.0;
				TARGETED_DEVICE_FAMILY = "1,2";
				TEST_HOST = "$(BUILT_PRODUCTS_DIR)/movies.app/movies";
			};
			name = Debug;
		};
		208F45B723BB288200DCE01E /* Release */ = {
			isa = XCBuildConfiguration;
			buildSettings = {
				ALWAYS_EMBED_SWIFT_STANDARD_LIBRARIES = YES;
				BUNDLE_LOADER = "$(TEST_HOST)";
				CODE_SIGN_STYLE = Automatic;
				DEVELOPMENT_TEAM = KMTXVH4GTQ;
				INFOPLIST_FILE = moviesTests/Info.plist;
				IPHONEOS_DEPLOYMENT_TARGET = 13.1;
				LD_RUNPATH_SEARCH_PATHS = (
					"$(inherited)",
					"@executable_path/Frameworks",
					"@loader_path/Frameworks",
				);
				PRODUCT_BUNDLE_IDENTIFIER = com.ngsison.moviesTests;
				PRODUCT_NAME = "$(TARGET_NAME)";
				SWIFT_VERSION = 5.0;
				TARGETED_DEVICE_FAMILY = "1,2";
				TEST_HOST = "$(BUILT_PRODUCTS_DIR)/movies.app/movies";
			};
			name = Release;
		};
/* End XCBuildConfiguration section */

/* Begin XCConfigurationList section */
		208F458E23BB288100DCE01E /* Build configuration list for PBXProject "movies" */ = {
			isa = XCConfigurationList;
			buildConfigurations = (
				208F45B023BB288200DCE01E /* Debug */,
				208F45B123BB288200DCE01E /* Release */,
			);
			defaultConfigurationIsVisible = 0;
			defaultConfigurationName = Release;
		};
		208F45B223BB288200DCE01E /* Build configuration list for PBXNativeTarget "movies" */ = {
			isa = XCConfigurationList;
			buildConfigurations = (
				208F45B323BB288200DCE01E /* Debug */,
				208F45B423BB288200DCE01E /* Release */,
			);
			defaultConfigurationIsVisible = 0;
			defaultConfigurationName = Release;
		};
		208F45B523BB288200DCE01E /* Build configuration list for PBXNativeTarget "moviesTests" */ = {
			isa = XCConfigurationList;
			buildConfigurations = (
				208F45B623BB288200DCE01E /* Debug */,
				208F45B723BB288200DCE01E /* Release */,
			);
			defaultConfigurationIsVisible = 0;
			defaultConfigurationName = Release;
		};
/* End XCConfigurationList section */
	};
	rootObject = 208F458B23BB288100DCE01E /* Project object */;
}
